
Microsoft Visual Studio Solution File, Format Version 12.00
# Visual Studio 14
VisualStudioVersion = 14.0.25420.1
MinimumVisualStudioVersion = 10.0.40219.1
Project("{FAE04EC0-301F-11D3-BF4B-00C04F79EFBC}") = "DIGICOM.Common", "DIGICOM.Core\DIGICOM.Common.csproj", "{5BB4B0C5-EA26-4C58-B21A-814FDB2B6AB6}"
	ProjectSection(ProjectDependencies) = postProject
		{16867472-1E27-4EDD-B653-2C7F324A92B8} = {16867472-1E27-4EDD-B653-2C7F324A92B8}
	EndProjectSection
EndProject
Project("{FAE04EC0-301F-11D3-BF4B-00C04F79EFBC}") = "DIGICOM.Entity", "DIGICOM.Entities\DIGICOM.Entity.csproj", "{16867472-1E27-4EDD-B653-2C7F324A92B8}"
EndProject
Project("{FAE04EC0-301F-11D3-BF4B-00C04F79EFBC}") = "DIGICOM.Services", "DIGICOM.Services\DIGICOM.Services.csproj", "{D4C05306-A186-427D-B3B6-D408D30021B3}"
	ProjectSection(ProjectDependencies) = postProject
		{16867472-1E27-4EDD-B653-2C7F324A92B8} = {16867472-1E27-4EDD-B653-2C7F324A92B8}
		{5BB4B0C5-EA26-4C58-B21A-814FDB2B6AB6} = {5BB4B0C5-EA26-4C58-B21A-814FDB2B6AB6}
		{662BE9DC-ECE5-43A5-A4D7-87DD124F4FF4} = {662BE9DC-ECE5-43A5-A4D7-87DD124F4FF4}
	EndProjectSection
EndProject
Project("{FAE04EC0-301F-11D3-BF4B-00C04F79EFBC}") = "DIGICOM.Models", "DIGICOM.Models\DIGICOM.Models.csproj", "{662BE9DC-ECE5-43A5-A4D7-87DD124F4FF4}"
EndProject
Project("{FAE04EC0-301F-11D3-BF4B-00C04F79EFBC}") = "DIGICOM.Web", "DIGICOM.Web\DIGICOM.Web.csproj", "{33675B9E-0C7A-4237-B39E-6C120258A21D}"
	ProjectSection(ProjectDependencies) = postProject
		{D4C05306-A186-427D-B3B6-D408D30021B3} = {D4C05306-A186-427D-B3B6-D408D30021B3}
		{662BE9DC-ECE5-43A5-A4D7-87DD124F4FF4} = {662BE9DC-ECE5-43A5-A4D7-87DD124F4FF4}
	EndProjectSection
EndProject
Project("{FAE04EC0-301F-11D3-BF4B-00C04F79EFBC}") = "DIGICOM.Web.Tests", "DIGICOM.Web.Tests\DIGICOM.Web.Tests.csproj", "{A7752D61-D949-4FE4-95CC-ADCCA437911F}"
EndProject
Project("{FAE04EC0-301F-11D3-BF4B-00C04F79EFBC}") = "DIGICOM.Repository", "DIGICOM.Repository\DIGICOM.Repository.csproj", "{2DBE3AE3-D09D-4DFF-80D7-BE25B11CEE43}"
	ProjectSection(ProjectDependencies) = postProject
		{16867472-1E27-4EDD-B653-2C7F324A92B8} = {16867472-1E27-4EDD-B653-2C7F324A92B8}
		{5BB4B0C5-EA26-4C58-B21A-814FDB2B6AB6} = {5BB4B0C5-EA26-4C58-B21A-814FDB2B6AB6}
	EndProjectSection
EndProject
Global
	GlobalSection(SolutionConfigurationPlatforms) = preSolution
		Debug|Any CPU = Debug|Any CPU
		Release|Any CPU = Release|Any CPU
	EndGlobalSection
	GlobalSection(ProjectConfigurationPlatforms) = postSolution
		{5BB4B0C5-EA26-4C58-B21A-814FDB2B6AB6}.Debug|Any CPU.ActiveCfg = Debug|Any CPU
		{5BB4B0C5-EA26-4C58-B21A-814FDB2B6AB6}.Debug|Any CPU.Build.0 = Debug|Any CPU
		{5BB4B0C5-EA26-4C58-B21A-814FDB2B6AB6}.Release|Any CPU.ActiveCfg = Release|Any CPU
		{5BB4B0C5-EA26-4C58-B21A-814FDB2B6AB6}.Release|Any CPU.Build.0 = Release|Any CPU
		{16867472-1E27-4EDD-B653-2C7F324A92B8}.Debug|Any CPU.ActiveCfg = Debug|Any CPU
		{16867472-1E27-4EDD-B653-2C7F324A92B8}.Debug|Any CPU.Build.0 = Debug|Any CPU
		{16867472-1E27-4EDD-B653-2C7F324A92B8}.Release|Any CPU.ActiveCfg = Release|Any CPU
		{16867472-1E27-4EDD-B653-2C7F324A92B8}.Release|Any CPU.Build.0 = Release|Any CPU
		{D4C05306-A186-427D-B3B6-D408D30021B3}.Debug|Any CPU.ActiveCfg = Debug|Any CPU
		{D4C05306-A186-427D-B3B6-D408D30021B3}.Debug|Any CPU.Build.0 = Debug|Any CPU
		{D4C05306-A186-427D-B3B6-D408D30021B3}.Release|Any CPU.ActiveCfg = Release|Any CPU
		{D4C05306-A186-427D-B3B6-D408D30021B3}.Release|Any CPU.Build.0 = Release|Any CPU
		{662BE9DC-ECE5-43A5-A4D7-87DD124F4FF4}.Debug|Any CPU.ActiveCfg = Debug|Any CPU
		{662BE9DC-ECE5-43A5-A4D7-87DD124F4FF4}.Debug|Any CPU.Build.0 = Debug|Any CPU
		{662BE9DC-ECE5-43A5-A4D7-87DD124F4FF4}.Release|Any CPU.ActiveCfg = Release|Any CPU
		{662BE9DC-ECE5-43A5-A4D7-87DD124F4FF4}.Release|Any CPU.Build.0 = Release|Any CPU
		{33675B9E-0C7A-4237-B39E-6C120258A21D}.Debug|Any CPU.ActiveCfg = Debug|Any CPU
		{33675B9E-0C7A-4237-B39E-6C120258A21D}.Debug|Any CPU.Build.0 = Debug|Any CPU
		{33675B9E-0C7A-4237-B39E-6C120258A21D}.Release|Any CPU.ActiveCfg = Release|Any CPU
		{33675B9E-0C7A-4237-B39E-6C120258A21D}.Release|Any CPU.Build.0 = Release|Any CPU
		{A7752D61-D949-4FE4-95CC-ADCCA437911F}.Debug|Any CPU.ActiveCfg = Debug|Any CPU
		{A7752D61-D949-4FE4-95CC-ADCCA437911F}.Debug|Any CPU.Build.0 = Debug|Any CPU
		{A7752D61-D949-4FE4-95CC-ADCCA437911F}.Release|Any CPU.ActiveCfg = Release|Any CPU
		{A7752D61-D949-4FE4-95CC-ADCCA437911F}.Release|Any CPU.Build.0 = Release|Any CPU
		{2DBE3AE3-D09D-4DFF-80D7-BE25B11CEE43}.Debug|Any CPU.ActiveCfg = Debug|Any CPU
		{2DBE3AE3-D09D-4DFF-80D7-BE25B11CEE43}.Debug|Any CPU.Build.0 = Debug|Any CPU
		{2DBE3AE3-D09D-4DFF-80D7-BE25B11CEE43}.Release|Any CPU.ActiveCfg = Release|Any CPU
		{2DBE3AE3-D09D-4DFF-80D7-BE25B11CEE43}.Release|Any CPU.Build.0 = Release|Any CPU
	EndGlobalSection
	GlobalSection(SolutionProperties) = preSolution
		HideSolutionNode = FALSE
	EndGlobalSection
EndGlobal
